
Microsoft Visual Studio Solution File, Format Version 12.00
# Visual Studio Version 17
VisualStudioVersion = 17.3.32901.215
MinimumVisualStudioVersion = 10.0.40219.1
Project("{9A19103F-16F7-4668-BE54-9A1E7A4F7556}") = "Radigate.Server", "Server\Radigate.Server.csproj", "{89C62B56-F3FF-4307-BBA0-F5E1A72922FC}"
EndProject
Project("{9A19103F-16F7-4668-BE54-9A1E7A4F7556}") = "Radigate.Client", "Client\Radigate.Client.csproj", "{58D931B7-D6FB-48FF-A10D-E82A03E7906D}"
EndProject
Project("{9A19103F-16F7-4668-BE54-9A1E7A4F7556}") = "Radigate.Shared", "Shared\Radigate.Shared.csproj", "{74E46651-5DE2-4995-8E07-EB1A9D683349}"
EndProject
Global
	GlobalSection(SolutionConfigurationPlatforms) = preSolution
		Debug|Any CPU = Debug|Any CPU
		Release|Any CPU = Release|Any CPU
	EndGlobalSection
	GlobalSection(ProjectConfigurationPlatforms) = postSolution
		{89C62B56-F3FF-4307-BBA0-F5E1A72922FC}.Debug|Any CPU.ActiveCfg = Debug|Any CPU
		{89C62B56-F3FF-4307-BBA0-F5E1A72922FC}.Debug|Any CPU.Build.0 = Debug|Any CPU
		{89C62B56-F3FF-4307-BBA0-F5E1A72922FC}.Release|Any CPU.ActiveCfg = Release|Any CPU
		{89C62B56-F3FF-4307-BBA0-F5E1A72922FC}.Release|Any CPU.Build.0 = Release|Any CPU
		{58D931B7-D6FB-48FF-A10D-E82A03E7906D}.Debug|Any CPU.ActiveCfg = Debug|Any CPU
		{58D931B7-D6FB-48FF-A10D-E82A03E7906D}.Debug|Any CPU.Build.0 = Debug|Any CPU
		{58D931B7-D6FB-48FF-A10D-E82A03E7906D}.Release|Any CPU.ActiveCfg = Release|Any CPU
		{58D931B7-D6FB-48FF-A10D-E82A03E7906D}.Release|Any CPU.Build.0 = Release|Any CPU
		{74E46651-5DE2-4995-8E07-EB1A9D683349}.Debug|Any CPU.ActiveCfg = Debug|Any CPU
		{74E46651-5DE2-4995-8E07-EB1A9D683349}.Debug|Any CPU.Build.0 = Debug|Any CPU
		{74E46651-5DE2-4995-8E07-EB1A9D683349}.Release|Any CPU.ActiveCfg = Release|Any CPU
		{74E46651-5DE2-4995-8E07-EB1A9D683349}.Release|Any CPU.Build.0 = Release|Any CPU
	EndGlobalSection
	GlobalSection(SolutionProperties) = preSolution
		HideSolutionNode = FALSE
	EndGlobalSection
	GlobalSection(ExtensibilityGlobals) = postSolution
		SolutionGuid = {BC09A78D-3EC3-4D36-BE89-4B487B110402}
	EndGlobalSection
EndGlobal
